PODS:
  - AdvancedPageControl (0.1.7)
  - Alamofire (5.4.1)
  - InputBarAccessoryView (5.3.0):
    - InputBarAccessoryView/Core (= 5.3.0)
  - InputBarAccessoryView/Core (5.3.0)
  - MessageKit (3.5.1):
    - InputBarAccessoryView (~> 5.3.0)
  - SnapKit (5.0.1)
  - Starscream (4.0.4)

DEPENDENCIES:
  - AdvancedPageControl
  - Alamofire
  - InputBarAccessoryView
  - MessageKit
  - SnapKit
  - Starscream

SPEC REPOS:
  trunk:
    - AdvancedPageControl
    - Alamofire
    - InputBarAccessoryView
    - MessageKit
    - SnapKit
    - Starscream

SPEC CHECKSUMS:
  AdvancedPageControl: 018ef7ea2a25864bf8d23f26fb88715bad33d847
  Alamofire: 2291f7d21ca607c491dd17642e5d40fdcda0e65c
  InputBarAccessoryView: 1638fc3336698eaead9cd83ff2da6c6218fcb6bc
  MessageKit: 6a15a240a9a4767279de542a8fae861e83d8aedc
  SnapKit: 97b92857e3df3a0c71833cce143274bf6ef8e5eb
  Starscream: 5178aed56b316f13fa3bc55694e583d35dd414d9

PODFILE CHECKSUM: 6132ff09bef5ae147d7c1465e5b82c84d57ec1cf

COCOAPODS: 1.10.1
